{
  "name": "docmanager",
  "lockfileVersion": 2,
  "requires": true,
  "packages": {
    "": {
      "dependencies": {
        "multer-minio-storage-engine": "^1.0.0"
      }
    },
    "node_modules/file-type": {
      "version": "3.9.0",
      "resolved": "https://registry.npmjs.org/file-type/-/file-type-3.9.0.tgz",
      "integrity": "sha1-JXoHg4TR24CHvESdEH1SpSZyuek=",
      "engines": {
        "node": ">=0.10.0"
      }
    },
    "node_modules/html-comment-regex": {
      "version": "1.1.2",
      "resolved": "https://registry.npmjs.org/html-comment-regex/-/html-comment-regex-1.1.2.tgz",
      "integrity": "sha512-P+M65QY2JQ5Y0G9KKdlDpo0zK+/OHptU5AaBwUfAIDJZk1MYf32Frm84EcOytfJE0t5JvkAnKlmjsXDnWzCJmQ=="
    },
    "node_modules/is-svg": {
      "version": "2.1.0",
      "resolved": "https://registry.npmjs.org/is-svg/-/is-svg-2.1.0.tgz",
      "integrity": "sha1-z2EJDaDZ77yrhyLeum8DIgjbsOk=",
      "dependencies": {
        "html-comment-regex": "^1.1.0"
      },
      "engines": {
        "node": ">=0.10.0"
      }
    },
    "node_modules/multer-minio-storage-engine": {
      "version": "1.0.0",
      "resolved": "https://registry.npmjs.org/multer-minio-storage-engine/-/multer-minio-storage-engine-1.0.0.tgz",
      "integrity": "sha512-NC6bA/YKQ9vx+seFRo7xq8lG2VsJPuYf/nR68zbkqd5U2z6ShzV9WGbkBx+Zm4PfOGfDPWrP/MJELXZ5Fvou3g==",
      "dependencies": {
        "file-type": "^3.3.0",
        "is-svg": "^2.1.0",
        "run-parallel": "^1.1.6"
      }
    },
    "node_modules/queue-microtask": {
      "version": "1.2.3",
      "resolved": "https://registry.npmjs.org/queue-microtask/-/queue-microtask-1.2.3.tgz",
      "integrity": "sha512-NuaNSa6flKT5JaSYQzJok04JzTL1CA6aGhv5rfLW3PgqA+M2ChpZQnAC8h8i4ZFkBS8X5RqkDBHA7r4hej3K9A==",
      "funding": [
        {
          "type": "github",
          "url": "https://github.com/sponsors/feross"
        },
        {
          "type": "patreon",
          "url": "https://www.patreon.com/feross"
        },
        {
          "type": "consulting",
          "url": "https://feross.org/support"
        }
      ]
    },
    "node_modules/run-parallel": {
      "version": "1.2.0",
      "resolved": "https://registry.npmjs.org/run-parallel/-/run-parallel-1.2.0.tgz",
      "integrity": "sha512-5l4VyZR86LZ/lDxZTR6jqL8AFE2S0IFLMP26AbjsLVADxHdhB/c0GUsH+y39UfCi3dzz8OlQuPmnaJOMoDHQBA==",
      "funding": [
        {
          "type": "github",
          "url": "https://github.com/sponsors/feross"
        },
        {
          "type": "patreon",
          "url": "https://www.patreon.com/feross"
        },
        {
          "type": "consulting",
          "url": "https://feross.org/support"
        }
      ],
      "dependencies": {
        "queue-microtask": "^1.2.2"
      }
    }
  },
  "dependencies": {
    "file-type": {
      "version": "3.9.0",
      "resolved": "https://registry.npmjs.org/file-type/-/file-type-3.9.0.tgz",
      "integrity": "sha1-JXoHg4TR24CHvESdEH1SpSZyuek="
    },
    "html-comment-regex": {
      "version": "1.1.2",
      "resolved": "https://registry.npmjs.org/html-comment-regex/-/html-comment-regex-1.1.2.tgz",
      "integrity": "sha512-P+M65QY2JQ5Y0G9KKdlDpo0zK+/OHptU5AaBwUfAIDJZk1MYf32Frm84EcOytfJE0t5JvkAnKlmjsXDnWzCJmQ=="
    },
    "is-svg": {
      "version": "2.1.0",
      "resolved": "https://registry.npmjs.org/is-svg/-/is-svg-2.1.0.tgz",
      "integrity": "sha1-z2EJDaDZ77yrhyLeum8DIgjbsOk=",
      "requires": {
        "html-comment-regex": "^1.1.0"
      }
    },
    "multer-minio-storage-engine": {
      "version": "1.0.0",
      "resolved": "https://registry.npmjs.org/multer-minio-storage-engine/-/multer-minio-storage-engine-1.0.0.tgz",
      "integrity": "sha512-NC6bA/YKQ9vx+seFRo7xq8lG2VsJPuYf/nR68zbkqd5U2z6ShzV9WGbkBx+Zm4PfOGfDPWrP/MJELXZ5Fvou3g==",
      "requires": {
        "file-type": "^3.3.0",
        "is-svg": "^2.1.0",
        "run-parallel": "^1.1.6"
      }
    },
    "queue-microtask": {
      "version": "1.2.3",
      "resolved": "https://registry.npmjs.org/queue-microtask/-/queue-microtask-1.2.3.tgz",
      "integrity": "sha512-NuaNSa6flKT5JaSYQzJok04JzTL1CA6aGhv5rfLW3PgqA+M2ChpZQnAC8h8i4ZFkBS8X5RqkDBHA7r4hej3K9A=="
    },
    "run-parallel": {
      "version": "1.2.0",
      "resolved": "https://registry.npmjs.org/run-parallel/-/run-parallel-1.2.0.tgz",
      "integrity": "sha512-5l4VyZR86LZ/lDxZTR6jqL8AFE2S0IFLMP26AbjsLVADxHdhB/c0GUsH+y39UfCi3dzz8OlQuPmnaJOMoDHQBA==",
      "requires": {
        "queue-microtask": "^1.2.2"
      }
    }
  }
}
